
Microsoft Visual Studio Solution File, Format Version 12.00
Project("{FAE04EC0-301F-11D3-BF4B-00C04F79EFBC}") = "Diaverum.CodeTest.Api", "Diaverum.CodeTest.Api\Diaverum.CodeTest.Api.csproj", "{F52E33F7-4F5C-487B-9A37-349CD48568A2}"
EndProject
Project("{2150E333-8FDC-42A3-9474-1A3956D46DE8}") = "src", "src", "{66EB24D4-6F78-4714-9C1E-64DC25D48FC8}"
EndProject
Global
	GlobalSection(SolutionConfigurationPlatforms) = preSolution
		Debug|Any CPU = Debug|Any CPU
		Release|Any CPU = Release|Any CPU
	EndGlobalSection
	GlobalSection(ProjectConfigurationPlatforms) = postSolution
		{F52E33F7-4F5C-487B-9A37-349CD48568A2}.Debug|Any CPU.ActiveCfg = Debug|Any CPU
		{F52E33F7-4F5C-487B-9A37-349CD48568A2}.Debug|Any CPU.Build.0 = Debug|Any CPU
		{F52E33F7-4F5C-487B-9A37-349CD48568A2}.Release|Any CPU.ActiveCfg = Release|Any CPU
		{F52E33F7-4F5C-487B-9A37-349CD48568A2}.Release|Any CPU.Build.0 = Release|Any CPU
	EndGlobalSection
	GlobalSection(NestedProjects) = preSolution
		{F52E33F7-4F5C-487B-9A37-349CD48568A2} = {66EB24D4-6F78-4714-9C1E-64DC25D48FC8}
	EndGlobalSection
EndGlobal
